
Microsoft Visual Studio Solution File, Format Version 12.00
# Visual Studio Version 16
VisualStudioVersion = 16.0.33801.447
MinimumVisualStudioVersion = 10.0.40219.1
Project("{FAE04EC0-301F-11D3-BF4B-00C04F79EFBC}") = "FractalsRenderer", "FractalsRenderer\FractalsRenderer.csproj", "{E0C606AE-D9D1-40C6-BCD0-598D7AA89A18}"
EndProject
Global
	GlobalSection(SolutionConfigurationPlatforms) = preSolution
		Debug|Any CPU = Debug|Any CPU
		Release|Any CPU = Release|Any CPU
	EndGlobalSection
	GlobalSection(ProjectConfigurationPlatforms) = postSolution
		{E0C606AE-D9D1-40C6-BCD0-598D7AA89A18}.Debug|Any CPU.ActiveCfg = Debug|Any CPU
		{E0C606AE-D9D1-40C6-BCD0-598D7AA89A18}.Debug|Any CPU.Build.0 = Debug|Any CPU
		{E0C606AE-D9D1-40C6-BCD0-598D7AA89A18}.Release|Any CPU.ActiveCfg = Release|Any CPU
		{E0C606AE-D9D1-40C6-BCD0-598D7AA89A18}.Release|Any CPU.Build.0 = Release|Any CPU
	EndGlobalSection
	GlobalSection(SolutionProperties) = preSolution
		HideSolutionNode = FALSE
	EndGlobalSection
	GlobalSection(ExtensibilityGlobals) = postSolution
		SolutionGuid = {C12F8A36-ED05-4D75-A3C1-E02926AFA2BC}
	EndGlobalSection
EndGlobal
