
Microsoft Visual Studio Solution File, Format Version 12.00
# Visual Studio Version 16
VisualStudioVersion = 16.0.33801.447
MinimumVisualStudioVersion = 10.0.40219.1
Project("{FAE04EC0-301F-11D3-BF4B-00C04F79EFBC}") = "BlinovaEM_404_WinForms-Afinn", "BlinovaEM_404_WinForms-Afinn.csproj", "{A8CB30BC-9A03-49FD-9812-62A28D81B5F8}"
EndProject
Global
	GlobalSection(SolutionConfigurationPlatforms) = preSolution
		Debug|Any CPU = Debug|Any CPU
		Release|Any CPU = Release|Any CPU
	EndGlobalSection
	GlobalSection(ProjectConfigurationPlatforms) = postSolution
		{A8CB30BC-9A03-49FD-9812-62A28D81B5F8}.Debug|Any CPU.ActiveCfg = Debug|Any CPU
		{A8CB30BC-9A03-49FD-9812-62A28D81B5F8}.Debug|Any CPU.Build.0 = Debug|Any CPU
		{A8CB30BC-9A03-49FD-9812-62A28D81B5F8}.Release|Any CPU.ActiveCfg = Release|Any CPU
		{A8CB30BC-9A03-49FD-9812-62A28D81B5F8}.Release|Any CPU.Build.0 = Release|Any CPU
	EndGlobalSection
	GlobalSection(SolutionProperties) = preSolution
		HideSolutionNode = FALSE
	EndGlobalSection
	GlobalSection(ExtensibilityGlobals) = postSolution
		SolutionGuid = {CEFBDF67-049F-486D-A599-D5665868E913}
	EndGlobalSection
EndGlobal
